{
    "_meta": {
        "hash": {
            "sha256": "aa3a0f469978ebbf36a7a8e5fb9e5cf8f2bcfb20146fc58d39700e954a4fa5d6"
        },
        "pipfile-spec": 6,
        "requires": {
            "python_version": "3.5"
        },
        "sources": [
            {
                "name": "pypi",
                "url": "https://pypi.org/simple",
                "verify_ssl": true
            }
        ]
    },
    "default": {
        "python-dotenv": {
            "hashes": [
                "sha256:4f3582904d08dac5ab4c9aa44cb17ce056c9a35e585cfda6183d80054d247307",
                "sha256:cb8cd327109898c7725f76c5256a081e8a9efe72ebbf127f8d1221ceb7f38bf2"
            ],
            "index": "pypi",
            "version": "==0.10.0"
        }
    },
    "develop": {}
}
